# @generated - this file is auto-generated by `mise lock` https://mise.jdx.dev/dev-tools/mise-lock.html

[[tools.cmake]]
version = "3.26.4"
backend = "aqua:Kitware/CMake"

[tools.cmake."platforms.linux-arm64"]
url = "https://github.com/Kitware/CMake/releases/download/v3.26.4/cmake-3.26.4-linux-aarch64.tar.gz"

[tools.cmake."platforms.linux-arm64-musl"]
url = "https://github.com/Kitware/CMake/releases/download/v3.26.4/cmake-3.26.4-linux-aarch64.tar.gz"

[tools.cmake."platforms.linux-x64"]
url = "https://github.com/Kitware/CMake/releases/download/v3.26.4/cmake-3.26.4-linux-x86_64.tar.gz"

[tools.cmake."platforms.linux-x64-musl"]
url = "https://github.com/Kitware/CMake/releases/download/v3.26.4/cmake-3.26.4-linux-x86_64.tar.gz"

[tools.cmake."platforms.macos-arm64"]
url = "https://github.com/Kitware/CMake/releases/download/v3.26.4/cmake-3.26.4-macos-universal.tar.gz"

[tools.cmake."platforms.macos-x64"]
url = "https://github.com/Kitware/CMake/releases/download/v3.26.4/cmake-3.26.4-macos-universal.tar.gz"

[tools.cmake."platforms.windows-x64"]
url = "https://github.com/Kitware/CMake/releases/download/v3.26.4/cmake-3.26.4-windows-x86_64.zip"

[[tools.protoc]]
version = "33.2"
backend = "aqua:protocolbuffers/protobuf/protoc"

[tools.protoc."platforms.linux-arm64"]
checksum = "sha256:706662a332683aa2fffe1c4ea61588279d31679cd42d91c7d60a69651768edb8"
url = "https://github.com/protocolbuffers/protobuf/releases/download/v33.2/protoc-33.2-linux-aarch_64.zip"

[tools.protoc."platforms.linux-arm64-musl"]
checksum = "sha256:706662a332683aa2fffe1c4ea61588279d31679cd42d91c7d60a69651768edb8"
url = "https://github.com/protocolbuffers/protobuf/releases/download/v33.2/protoc-33.2-linux-aarch_64.zip"

[tools.protoc."platforms.linux-x64"]
checksum = "sha256:b24b53f87c151bfd48b112fe4c3a6e6574e5198874f38036aff41df3456b8caf"
url = "https://github.com/protocolbuffers/protobuf/releases/download/v33.2/protoc-33.2-linux-x86_64.zip"

[tools.protoc."platforms.linux-x64-musl"]
checksum = "sha256:b24b53f87c151bfd48b112fe4c3a6e6574e5198874f38036aff41df3456b8caf"
url = "https://github.com/protocolbuffers/protobuf/releases/download/v33.2/protoc-33.2-linux-x86_64.zip"

[tools.protoc."platforms.macos-arm64"]
checksum = "sha256:5be1427127788c9f7dd7d606c3e69843dd3587327dea993917ffcb77e7234b44"
url = "https://github.com/protocolbuffers/protobuf/releases/download/v33.2/protoc-33.2-osx-aarch_64.zip"

[tools.protoc."platforms.macos-x64"]
checksum = "sha256:dba51cfcc85076d56e7de01a647865c5a7f995c3dce427d5215b53e50b7be43f"
url = "https://github.com/protocolbuffers/protobuf/releases/download/v33.2/protoc-33.2-osx-x86_64.zip"

[tools.protoc."platforms.windows-x64"]
checksum = "sha256:376770cd4073beb63db56fdd339260edb9957b3c4472e05a75f5f9ec8f98d8f5"
url = "https://github.com/protocolbuffers/protobuf/releases/download/v33.2/protoc-33.2-win64.zip"

[[tools.rust]]
version = "1.95.0"
backend = "core:rust"
